
Microsoft Visual Studio Solution File, Format Version 11.00
# Visual Studio 2010
Project("{8BC9CEB8-8B4A-11D0-8D11-00A0C91BC942}") = "BLOSC", "BLOSC\BLOSC.vcxproj", "{DCB6BFB3-1044-46C4-8AC2-1E1738F5750A}"
EndProject
Project("{8BC9CEB8-8B4A-11D0-8D11-00A0C91BC942}") = "RawDataConverter", "RawDataConverter\RawDataConverter.vcxproj", "{0412B9AC-9A02-40CF-977B-F2247B613B73}"
	ProjectSection(ProjectDependencies) = postProject
		{DCB6BFB3-1044-46C4-8AC2-1E1738F5750A} = {DCB6BFB3-1044-46C4-8AC2-1E1738F5750A}
	EndProjectSection
EndProject
Global
	GlobalSection(SolutionConfigurationPlatforms) = preSolution
		Debug|Win32 = Debug|Win32
		Release|Win32 = Release|Win32
	EndGlobalSection
	GlobalSection(ProjectConfigurationPlatforms) = postSolution
		{DCB6BFB3-1044-46C4-8AC2-1E1738F5750A}.Debug|Win32.ActiveCfg = Debug|Win32
		{DCB6BFB3-1044-46C4-8AC2-1E1738F5750A}.Debug|Win32.Build.0 = Debug|Win32
		{DCB6BFB3-1044-46C4-8AC2-1E1738F5750A}.Release|Win32.ActiveCfg = Release|Win32
		{DCB6BFB3-1044-46C4-8AC2-1E1738F5750A}.Release|Win32.Build.0 = Release|Win32
		{0412B9AC-9A02-40CF-977B-F2247B613B73}.Debug|Win32.ActiveCfg = Debug|Win32
		{0412B9AC-9A02-40CF-977B-F2247B613B73}.Debug|Win32.Build.0 = Debug|Win32
		{0412B9AC-9A02-40CF-977B-F2247B613B73}.Release|Win32.ActiveCfg = Release|Win32
		{0412B9AC-9A02-40CF-977B-F2247B613B73}.Release|Win32.Build.0 = Release|Win32
	EndGlobalSection
	GlobalSection(SolutionProperties) = preSolution
		HideSolutionNode = FALSE
	EndGlobalSection
EndGlobal
